
Microsoft Visual Studio Solution File, Format Version 12.00
# Visual Studio 15
VisualStudioVersion = 15.0.28307.572
MinimumVisualStudioVersion = 10.0.40219.1
Project("{FAE04EC0-301F-11D3-BF4B-00C04F79EFBC}") = "TaskWeek4", "TaskWeek4\TaskWeek4\TaskWeek4.csproj", "{2DA44CCC-F9A4-4405-9556-FE9A78F864F9}"
EndProject
Project("{FAE04EC0-301F-11D3-BF4B-00C04F79EFBC}") = "TaskWeek4.Android", "TaskWeek4\TaskWeek4.Android\TaskWeek4.Android.csproj", "{7E377335-9EFC-4DEE-BC4A-BFBEF6EDA237}"
EndProject
Global
	GlobalSection(SolutionConfigurationPlatforms) = preSolution
		Debug|Any CPU = Debug|Any CPU
		Release|Any CPU = Release|Any CPU
	EndGlobalSection
	GlobalSection(ProjectConfigurationPlatforms) = postSolution
		{2DA44CCC-F9A4-4405-9556-FE9A78F864F9}.Debug|Any CPU.ActiveCfg = Debug|Any CPU
		{2DA44CCC-F9A4-4405-9556-FE9A78F864F9}.Debug|Any CPU.Build.0 = Debug|Any CPU
		{2DA44CCC-F9A4-4405-9556-FE9A78F864F9}.Release|Any CPU.ActiveCfg = Release|Any CPU
		{2DA44CCC-F9A4-4405-9556-FE9A78F864F9}.Release|Any CPU.Build.0 = Release|Any CPU
		{7E377335-9EFC-4DEE-BC4A-BFBEF6EDA237}.Debug|Any CPU.ActiveCfg = Debug|Any CPU
		{7E377335-9EFC-4DEE-BC4A-BFBEF6EDA237}.Debug|Any CPU.Build.0 = Debug|Any CPU
		{7E377335-9EFC-4DEE-BC4A-BFBEF6EDA237}.Debug|Any CPU.Deploy.0 = Debug|Any CPU
		{7E377335-9EFC-4DEE-BC4A-BFBEF6EDA237}.Release|Any CPU.ActiveCfg = Release|Any CPU
		{7E377335-9EFC-4DEE-BC4A-BFBEF6EDA237}.Release|Any CPU.Build.0 = Release|Any CPU
		{7E377335-9EFC-4DEE-BC4A-BFBEF6EDA237}.Release|Any CPU.Deploy.0 = Release|Any CPU
	EndGlobalSection
	GlobalSection(SolutionProperties) = preSolution
		HideSolutionNode = FALSE
	EndGlobalSection
	GlobalSection(ExtensibilityGlobals) = postSolution
		SolutionGuid = {36D40D83-ACE4-415F-940B-6166C5A488AA}
	EndGlobalSection
EndGlobal
