
Microsoft Visual Studio Solution File, Format Version 12.00
# Visual Studio 15
VisualStudioVersion = 15.0.28307.572
MinimumVisualStudioVersion = 10.0.40219.1
Project("{FAE04EC0-301F-11D3-BF4B-00C04F79EFBC}") = "DemoNavigationPrism", "DemoNavigationPrism\DemoNavigationPrism\DemoNavigationPrism.csproj", "{6D663696-746F-41EB-A309-A1FC0DCFE7CD}"
EndProject
Project("{FAE04EC0-301F-11D3-BF4B-00C04F79EFBC}") = "DemoNavigationPrism.Android", "DemoNavigationPrism\DemoNavigationPrism.Android\DemoNavigationPrism.Android.csproj", "{3087FDED-3CF8-461D-89BA-E2A1EA8A11B8}"
EndProject
Global
	GlobalSection(SolutionConfigurationPlatforms) = preSolution
		Debug|Any CPU = Debug|Any CPU
		Release|Any CPU = Release|Any CPU
	EndGlobalSection
	GlobalSection(ProjectConfigurationPlatforms) = postSolution
		{6D663696-746F-41EB-A309-A1FC0DCFE7CD}.Debug|Any CPU.ActiveCfg = Debug|Any CPU
		{6D663696-746F-41EB-A309-A1FC0DCFE7CD}.Debug|Any CPU.Build.0 = Debug|Any CPU
		{6D663696-746F-41EB-A309-A1FC0DCFE7CD}.Release|Any CPU.ActiveCfg = Release|Any CPU
		{6D663696-746F-41EB-A309-A1FC0DCFE7CD}.Release|Any CPU.Build.0 = Release|Any CPU
		{3087FDED-3CF8-461D-89BA-E2A1EA8A11B8}.Debug|Any CPU.ActiveCfg = Debug|Any CPU
		{3087FDED-3CF8-461D-89BA-E2A1EA8A11B8}.Debug|Any CPU.Build.0 = Debug|Any CPU
		{3087FDED-3CF8-461D-89BA-E2A1EA8A11B8}.Debug|Any CPU.Deploy.0 = Debug|Any CPU
		{3087FDED-3CF8-461D-89BA-E2A1EA8A11B8}.Release|Any CPU.ActiveCfg = Release|Any CPU
		{3087FDED-3CF8-461D-89BA-E2A1EA8A11B8}.Release|Any CPU.Build.0 = Release|Any CPU
		{3087FDED-3CF8-461D-89BA-E2A1EA8A11B8}.Release|Any CPU.Deploy.0 = Release|Any CPU
	EndGlobalSection
	GlobalSection(SolutionProperties) = preSolution
		HideSolutionNode = FALSE
	EndGlobalSection
	GlobalSection(ExtensibilityGlobals) = postSolution
		SolutionGuid = {A909D8AB-2264-487B-B3C2-12840AEE6D71}
	EndGlobalSection
EndGlobal
