
Microsoft Visual Studio Solution File, Format Version 12.00
# Visual Studio 15
VisualStudioVersion = 15.0.28307.572
MinimumVisualStudioVersion = 10.0.40219.1
Project("{FAE04EC0-301F-11D3-BF4B-00C04F79EFBC}") = "DemoDependencyService", "DemoDependencyService\DemoDependencyService\DemoDependencyService.csproj", "{6CA28417-73B2-44F3-8A14-41F595D18022}"
EndProject
Project("{FAE04EC0-301F-11D3-BF4B-00C04F79EFBC}") = "DemoDependencyService.Android", "DemoDependencyService\DemoDependencyService.Android\DemoDependencyService.Android.csproj", "{3B6E9C25-3C98-451B-9AA4-581C0CB4B697}"
EndProject
Global
	GlobalSection(SolutionConfigurationPlatforms) = preSolution
		Debug|Any CPU = Debug|Any CPU
		Release|Any CPU = Release|Any CPU
	EndGlobalSection
	GlobalSection(ProjectConfigurationPlatforms) = postSolution
		{6CA28417-73B2-44F3-8A14-41F595D18022}.Debug|Any CPU.ActiveCfg = Debug|Any CPU
		{6CA28417-73B2-44F3-8A14-41F595D18022}.Debug|Any CPU.Build.0 = Debug|Any CPU
		{6CA28417-73B2-44F3-8A14-41F595D18022}.Release|Any CPU.ActiveCfg = Release|Any CPU
		{6CA28417-73B2-44F3-8A14-41F595D18022}.Release|Any CPU.Build.0 = Release|Any CPU
		{3B6E9C25-3C98-451B-9AA4-581C0CB4B697}.Debug|Any CPU.ActiveCfg = Debug|Any CPU
		{3B6E9C25-3C98-451B-9AA4-581C0CB4B697}.Debug|Any CPU.Build.0 = Debug|Any CPU
		{3B6E9C25-3C98-451B-9AA4-581C0CB4B697}.Debug|Any CPU.Deploy.0 = Debug|Any CPU
		{3B6E9C25-3C98-451B-9AA4-581C0CB4B697}.Release|Any CPU.ActiveCfg = Release|Any CPU
		{3B6E9C25-3C98-451B-9AA4-581C0CB4B697}.Release|Any CPU.Build.0 = Release|Any CPU
		{3B6E9C25-3C98-451B-9AA4-581C0CB4B697}.Release|Any CPU.Deploy.0 = Release|Any CPU
	EndGlobalSection
	GlobalSection(SolutionProperties) = preSolution
		HideSolutionNode = FALSE
	EndGlobalSection
	GlobalSection(ExtensibilityGlobals) = postSolution
		SolutionGuid = {8157B8EB-9F43-4A7D-B520-6A44C6B150CE}
	EndGlobalSection
EndGlobal
